
Microsoft Visual Studio Solution File, Format Version 12.00
# Visual Studio Version 17
VisualStudioVersion = 17.9.34728.123
MinimumVisualStudioVersion = 10.0.40219.1
Project("{2150E333-8FDC-42A3-9474-1A3956D46DE8}") = "src", "src", "{73FA62BC-7512-43EE-9A71-E54B9081BF48}"
EndProject
Project("{2150E333-8FDC-42A3-9474-1A3956D46DE8}") = "Server", "Server", "{D61D5470-DB99-4B0C-BDBC-C914FC445AD1}"
EndProject
Project("{2150E333-8FDC-42A3-9474-1A3956D46DE8}") = "Client", "Client", "{67A99344-A175-4959-9E81-9A8C056D1755}"
EndProject
Project("{2150E333-8FDC-42A3-9474-1A3956D46DE8}") = "tests", "tests", "{2DED3C3E-5AB0-4504-8F0D-6567BB107F2C}"
EndProject
Project("{9A19103F-16F7-4668-BE54-9A1E7A4F7556}") = "AsaTest.IntegrationTests", "tests\AsaTest.IntegrationTests\AsaTest.IntegrationTests.csproj", "{CC5A2FF4-CE18-41B9-A636-036D458AE22F}"
EndProject
Project("{2150E333-8FDC-42A3-9474-1A3956D46DE8}") = "Libraries", "Libraries", "{0CF7DB3B-A6FC-4736-BA77-E1D9D9E570C5}"
EndProject
Project("{2150E333-8FDC-42A3-9474-1A3956D46DE8}") = "Presentation", "Presentation", "{ACD65318-1B31-4789-9A8E-B603D8C4A3C0}"
EndProject
Project("{9A19103F-16F7-4668-BE54-9A1E7A4F7556}") = "Domain", "src\server\Domain\Domain.csproj", "{30A5E104-0D3E-4BAE-9ABA-C3B165DA3BC1}"
EndProject
Project("{9A19103F-16F7-4668-BE54-9A1E7A4F7556}") = "Application", "src\server\Application\Application.csproj", "{BF7CE82B-3ABC-4DF1-BEDA-B0A2A4D36924}"
EndProject
Project("{9A19103F-16F7-4668-BE54-9A1E7A4F7556}") = "Infrastructure", "src\server\Infrastructure\Infrastructure.csproj", "{A1404D9F-BB32-4F78-B1AE-A0A78D2C4A17}"
EndProject
Project("{9A19103F-16F7-4668-BE54-9A1E7A4F7556}") = "Rest.API", "src\server\presentation\Rest.API\Rest.API.csproj", "{330DAEA0-A6FE-476E-BAC3-C56BED67233B}"
EndProject
Project("{9A19103F-16F7-4668-BE54-9A1E7A4F7556}") = "Grpc.API", "src\server\Presentation\Grpc.API\Grpc.API.csproj", "{9A92238F-0A63-44A2-AA25-D1935B2C29B5}"
EndProject
Project("{9A19103F-16F7-4668-BE54-9A1E7A4F7556}") = "AsaTest.UnitTests", "tests\AsaTest.UnitTests\AsaTest.UnitTests.csproj", "{96B8B15D-1866-43AA-8225-EDAE7D33887D}"
EndProject
Project("{FAE04EC0-301F-11D3-BF4B-00C04F79EFBC}") = "Client.WebAPI", "src\Client\Client.WebAPI\Client.WebAPI.csproj", "{F80E4C7C-22E9-4CB1-A462-9B4B69595599}"
EndProject
Global
	GlobalSection(SolutionConfigurationPlatforms) = preSolution
		Debug|Any CPU = Debug|Any CPU
		Release|Any CPU = Release|Any CPU
	EndGlobalSection
	GlobalSection(ProjectConfigurationPlatforms) = postSolution
		{CC5A2FF4-CE18-41B9-A636-036D458AE22F}.Debug|Any CPU.ActiveCfg = Debug|Any CPU
		{CC5A2FF4-CE18-41B9-A636-036D458AE22F}.Debug|Any CPU.Build.0 = Debug|Any CPU
		{CC5A2FF4-CE18-41B9-A636-036D458AE22F}.Release|Any CPU.ActiveCfg = Release|Any CPU
		{CC5A2FF4-CE18-41B9-A636-036D458AE22F}.Release|Any CPU.Build.0 = Release|Any CPU
		{30A5E104-0D3E-4BAE-9ABA-C3B165DA3BC1}.Debug|Any CPU.ActiveCfg = Debug|Any CPU
		{30A5E104-0D3E-4BAE-9ABA-C3B165DA3BC1}.Debug|Any CPU.Build.0 = Debug|Any CPU
		{30A5E104-0D3E-4BAE-9ABA-C3B165DA3BC1}.Release|Any CPU.ActiveCfg = Release|Any CPU
		{30A5E104-0D3E-4BAE-9ABA-C3B165DA3BC1}.Release|Any CPU.Build.0 = Release|Any CPU
		{BF7CE82B-3ABC-4DF1-BEDA-B0A2A4D36924}.Debug|Any CPU.ActiveCfg = Debug|Any CPU
		{BF7CE82B-3ABC-4DF1-BEDA-B0A2A4D36924}.Debug|Any CPU.Build.0 = Debug|Any CPU
		{BF7CE82B-3ABC-4DF1-BEDA-B0A2A4D36924}.Release|Any CPU.ActiveCfg = Release|Any CPU
		{BF7CE82B-3ABC-4DF1-BEDA-B0A2A4D36924}.Release|Any CPU.Build.0 = Release|Any CPU
		{A1404D9F-BB32-4F78-B1AE-A0A78D2C4A17}.Debug|Any CPU.ActiveCfg = Debug|Any CPU
		{A1404D9F-BB32-4F78-B1AE-A0A78D2C4A17}.Debug|Any CPU.Build.0 = Debug|Any CPU
		{A1404D9F-BB32-4F78-B1AE-A0A78D2C4A17}.Release|Any CPU.ActiveCfg = Release|Any CPU
		{A1404D9F-BB32-4F78-B1AE-A0A78D2C4A17}.Release|Any CPU.Build.0 = Release|Any CPU
		{330DAEA0-A6FE-476E-BAC3-C56BED67233B}.Debug|Any CPU.ActiveCfg = Debug|Any CPU
		{330DAEA0-A6FE-476E-BAC3-C56BED67233B}.Debug|Any CPU.Build.0 = Debug|Any CPU
		{330DAEA0-A6FE-476E-BAC3-C56BED67233B}.Release|Any CPU.ActiveCfg = Release|Any CPU
		{330DAEA0-A6FE-476E-BAC3-C56BED67233B}.Release|Any CPU.Build.0 = Release|Any CPU
		{9A92238F-0A63-44A2-AA25-D1935B2C29B5}.Debug|Any CPU.ActiveCfg = Debug|Any CPU
		{9A92238F-0A63-44A2-AA25-D1935B2C29B5}.Debug|Any CPU.Build.0 = Debug|Any CPU
		{9A92238F-0A63-44A2-AA25-D1935B2C29B5}.Release|Any CPU.ActiveCfg = Release|Any CPU
		{9A92238F-0A63-44A2-AA25-D1935B2C29B5}.Release|Any CPU.Build.0 = Release|Any CPU
		{96B8B15D-1866-43AA-8225-EDAE7D33887D}.Debug|Any CPU.ActiveCfg = Debug|Any CPU
		{96B8B15D-1866-43AA-8225-EDAE7D33887D}.Debug|Any CPU.Build.0 = Debug|Any CPU
		{96B8B15D-1866-43AA-8225-EDAE7D33887D}.Release|Any CPU.ActiveCfg = Release|Any CPU
		{96B8B15D-1866-43AA-8225-EDAE7D33887D}.Release|Any CPU.Build.0 = Release|Any CPU
		{F80E4C7C-22E9-4CB1-A462-9B4B69595599}.Debug|Any CPU.ActiveCfg = Debug|Any CPU
		{F80E4C7C-22E9-4CB1-A462-9B4B69595599}.Debug|Any CPU.Build.0 = Debug|Any CPU
		{F80E4C7C-22E9-4CB1-A462-9B4B69595599}.Release|Any CPU.ActiveCfg = Release|Any CPU
		{F80E4C7C-22E9-4CB1-A462-9B4B69595599}.Release|Any CPU.Build.0 = Release|Any CPU
	EndGlobalSection
	GlobalSection(SolutionProperties) = preSolution
		HideSolutionNode = FALSE
	EndGlobalSection
	GlobalSection(NestedProjects) = preSolution
		{D61D5470-DB99-4B0C-BDBC-C914FC445AD1} = {73FA62BC-7512-43EE-9A71-E54B9081BF48}
		{67A99344-A175-4959-9E81-9A8C056D1755} = {73FA62BC-7512-43EE-9A71-E54B9081BF48}
		{CC5A2FF4-CE18-41B9-A636-036D458AE22F} = {2DED3C3E-5AB0-4504-8F0D-6567BB107F2C}
		{0CF7DB3B-A6FC-4736-BA77-E1D9D9E570C5} = {D61D5470-DB99-4B0C-BDBC-C914FC445AD1}
		{ACD65318-1B31-4789-9A8E-B603D8C4A3C0} = {D61D5470-DB99-4B0C-BDBC-C914FC445AD1}
		{30A5E104-0D3E-4BAE-9ABA-C3B165DA3BC1} = {0CF7DB3B-A6FC-4736-BA77-E1D9D9E570C5}
		{BF7CE82B-3ABC-4DF1-BEDA-B0A2A4D36924} = {0CF7DB3B-A6FC-4736-BA77-E1D9D9E570C5}
		{A1404D9F-BB32-4F78-B1AE-A0A78D2C4A17} = {0CF7DB3B-A6FC-4736-BA77-E1D9D9E570C5}
		{330DAEA0-A6FE-476E-BAC3-C56BED67233B} = {ACD65318-1B31-4789-9A8E-B603D8C4A3C0}
		{9A92238F-0A63-44A2-AA25-D1935B2C29B5} = {ACD65318-1B31-4789-9A8E-B603D8C4A3C0}
		{96B8B15D-1866-43AA-8225-EDAE7D33887D} = {2DED3C3E-5AB0-4504-8F0D-6567BB107F2C}
		{F80E4C7C-22E9-4CB1-A462-9B4B69595599} = {67A99344-A175-4959-9E81-9A8C056D1755}
	EndGlobalSection
	GlobalSection(ExtensibilityGlobals) = postSolution
		SolutionGuid = {CA864991-CDC9-4EBA-A77A-7966350D781D}
	EndGlobalSection
EndGlobal
